
Microsoft Visual Studio Solution File, Format Version 12.00
# Visual Studio 2012
Project("{FAE04EC0-301F-11D3-BF4B-00C04F79EFBC}") = "BioApp", "FunApp08\BioApp.csproj", "{7FCCD47F-713F-490E-95DE-F5F4150F63BA}"
EndProject
Project("{FAE04EC0-301F-11D3-BF4B-00C04F79EFBC}") = "BioApp.Droid", "Droid\BioApp.Droid.csproj", "{921932A6-B00E-47FF-8FDC-1609ADA35EE7}"
EndProject
Project("{FAE04EC0-301F-11D3-BF4B-00C04F79EFBC}") = "BioApp.UITests", "UITests\BioApp.UITests.csproj", "{039B5D85-0528-4BE2-9709-76560430F40A}"
EndProject
Global
	GlobalSection(SolutionConfigurationPlatforms) = preSolution
		Debug|Any CPU = Debug|Any CPU
		Release|Any CPU = Release|Any CPU
	EndGlobalSection
	GlobalSection(ProjectConfigurationPlatforms) = postSolution
		{039B5D85-0528-4BE2-9709-76560430F40A}.Debug|Any CPU.ActiveCfg = Debug|Any CPU
		{039B5D85-0528-4BE2-9709-76560430F40A}.Debug|Any CPU.Build.0 = Debug|Any CPU
		{039B5D85-0528-4BE2-9709-76560430F40A}.Release|Any CPU.ActiveCfg = Release|Any CPU
		{039B5D85-0528-4BE2-9709-76560430F40A}.Release|Any CPU.Build.0 = Release|Any CPU
		{7FCCD47F-713F-490E-95DE-F5F4150F63BA}.Debug|Any CPU.ActiveCfg = Debug|Any CPU
		{7FCCD47F-713F-490E-95DE-F5F4150F63BA}.Debug|Any CPU.Build.0 = Debug|Any CPU
		{7FCCD47F-713F-490E-95DE-F5F4150F63BA}.Release|Any CPU.ActiveCfg = Release|Any CPU
		{7FCCD47F-713F-490E-95DE-F5F4150F63BA}.Release|Any CPU.Build.0 = Release|Any CPU
		{921932A6-B00E-47FF-8FDC-1609ADA35EE7}.Debug|Any CPU.ActiveCfg = Debug|Any CPU
		{921932A6-B00E-47FF-8FDC-1609ADA35EE7}.Debug|Any CPU.Build.0 = Debug|Any CPU
		{921932A6-B00E-47FF-8FDC-1609ADA35EE7}.Release|Any CPU.ActiveCfg = Release|Any CPU
		{921932A6-B00E-47FF-8FDC-1609ADA35EE7}.Release|Any CPU.Build.0 = Release|Any CPU
	EndGlobalSection
EndGlobal
